
Microsoft Visual Studio Solution File, Format Version 12.00
# Visual Studio Version 16
VisualStudioVersion = 16.0.29201.188
MinimumVisualStudioVersion = 15.0.26124.0
Project("{9A19103F-16F7-4668-BE54-9A1E7A4F7556}") = "integration", "integration\integration.csproj", "{8ACB2ECE-53ED-45C2-AE9F-1AD42AD41A67}"
EndProject
Project("{9A19103F-16F7-4668-BE54-9A1E7A4F7556}") = "src", "src\src.csproj", "{C8DAD448-C499-4AE7-B6BA-0A969899319D}"
EndProject
Project("{9A19103F-16F7-4668-BE54-9A1E7A4F7556}") = "tests", "tests\tests.csproj", "{F69A9C76-F728-4B28-8014-7FF37F68CCDA}"
EndProject
Project("{FAE04EC0-301F-11D3-BF4B-00C04F79EFBC}") = "ml", "ml\ml.csproj", "{95DBFF68-989E-48A2-8245-DCB03E391670}"
EndProject
Global
	GlobalSection(SolutionConfigurationPlatforms) = preSolution
		Debug|Any CPU = Debug|Any CPU
		Debug|x64 = Debug|x64
		Debug|x86 = Debug|x86
		Release|Any CPU = Release|Any CPU
		Release|x64 = Release|x64
		Release|x86 = Release|x86
	EndGlobalSection
	GlobalSection(ProjectConfigurationPlatforms) = postSolution
		{8ACB2ECE-53ED-45C2-AE9F-1AD42AD41A67}.Debug|Any CPU.ActiveCfg = Debug|Any CPU
		{8ACB2ECE-53ED-45C2-AE9F-1AD42AD41A67}.Debug|Any CPU.Build.0 = Debug|Any CPU
		{8ACB2ECE-53ED-45C2-AE9F-1AD42AD41A67}.Debug|x64.ActiveCfg = Debug|Any CPU
		{8ACB2ECE-53ED-45C2-AE9F-1AD42AD41A67}.Debug|x64.Build.0 = Debug|Any CPU
		{8ACB2ECE-53ED-45C2-AE9F-1AD42AD41A67}.Debug|x86.ActiveCfg = Debug|Any CPU
		{8ACB2ECE-53ED-45C2-AE9F-1AD42AD41A67}.Debug|x86.Build.0 = Debug|Any CPU
		{8ACB2ECE-53ED-45C2-AE9F-1AD42AD41A67}.Release|Any CPU.ActiveCfg = Release|Any CPU
		{8ACB2ECE-53ED-45C2-AE9F-1AD42AD41A67}.Release|Any CPU.Build.0 = Release|Any CPU
		{8ACB2ECE-53ED-45C2-AE9F-1AD42AD41A67}.Release|x64.ActiveCfg = Release|Any CPU
		{8ACB2ECE-53ED-45C2-AE9F-1AD42AD41A67}.Release|x64.Build.0 = Release|Any CPU
		{8ACB2ECE-53ED-45C2-AE9F-1AD42AD41A67}.Release|x86.ActiveCfg = Release|Any CPU
		{8ACB2ECE-53ED-45C2-AE9F-1AD42AD41A67}.Release|x86.Build.0 = Release|Any CPU
		{C8DAD448-C499-4AE7-B6BA-0A969899319D}.Debug|Any CPU.ActiveCfg = Debug|Any CPU
		{C8DAD448-C499-4AE7-B6BA-0A969899319D}.Debug|Any CPU.Build.0 = Debug|Any CPU
		{C8DAD448-C499-4AE7-B6BA-0A969899319D}.Debug|x64.ActiveCfg = Debug|Any CPU
		{C8DAD448-C499-4AE7-B6BA-0A969899319D}.Debug|x64.Build.0 = Debug|Any CPU
		{C8DAD448-C499-4AE7-B6BA-0A969899319D}.Debug|x86.ActiveCfg = Debug|Any CPU
		{C8DAD448-C499-4AE7-B6BA-0A969899319D}.Debug|x86.Build.0 = Debug|Any CPU
		{C8DAD448-C499-4AE7-B6BA-0A969899319D}.Release|Any CPU.ActiveCfg = Release|Any CPU
		{C8DAD448-C499-4AE7-B6BA-0A969899319D}.Release|Any CPU.Build.0 = Release|Any CPU
		{C8DAD448-C499-4AE7-B6BA-0A969899319D}.Release|x64.ActiveCfg = Release|Any CPU
		{C8DAD448-C499-4AE7-B6BA-0A969899319D}.Release|x64.Build.0 = Release|Any CPU
		{C8DAD448-C499-4AE7-B6BA-0A969899319D}.Release|x86.ActiveCfg = Release|Any CPU
		{C8DAD448-C499-4AE7-B6BA-0A969899319D}.Release|x86.Build.0 = Release|Any CPU
		{F69A9C76-F728-4B28-8014-7FF37F68CCDA}.Debug|Any CPU.ActiveCfg = Debug|Any CPU
		{F69A9C76-F728-4B28-8014-7FF37F68CCDA}.Debug|Any CPU.Build.0 = Debug|Any CPU
		{F69A9C76-F728-4B28-8014-7FF37F68CCDA}.Debug|x64.ActiveCfg = Debug|Any CPU
		{F69A9C76-F728-4B28-8014-7FF37F68CCDA}.Debug|x64.Build.0 = Debug|Any CPU
		{F69A9C76-F728-4B28-8014-7FF37F68CCDA}.Debug|x86.ActiveCfg = Debug|Any CPU
		{F69A9C76-F728-4B28-8014-7FF37F68CCDA}.Debug|x86.Build.0 = Debug|Any CPU
		{F69A9C76-F728-4B28-8014-7FF37F68CCDA}.Release|Any CPU.ActiveCfg = Release|Any CPU
		{F69A9C76-F728-4B28-8014-7FF37F68CCDA}.Release|Any CPU.Build.0 = Release|Any CPU
		{F69A9C76-F728-4B28-8014-7FF37F68CCDA}.Release|x64.ActiveCfg = Release|Any CPU
		{F69A9C76-F728-4B28-8014-7FF37F68CCDA}.Release|x64.Build.0 = Release|Any CPU
		{F69A9C76-F728-4B28-8014-7FF37F68CCDA}.Release|x86.ActiveCfg = Release|Any CPU
		{F69A9C76-F728-4B28-8014-7FF37F68CCDA}.Release|x86.Build.0 = Release|Any CPU
		{95DBFF68-989E-48A2-8245-DCB03E391670}.Debug|Any CPU.ActiveCfg = Debug|Any CPU
		{95DBFF68-989E-48A2-8245-DCB03E391670}.Debug|Any CPU.Build.0 = Debug|Any CPU
		{95DBFF68-989E-48A2-8245-DCB03E391670}.Debug|x64.ActiveCfg = Debug|Any CPU
		{95DBFF68-989E-48A2-8245-DCB03E391670}.Debug|x64.Build.0 = Debug|Any CPU
		{95DBFF68-989E-48A2-8245-DCB03E391670}.Debug|x86.ActiveCfg = Debug|Any CPU
		{95DBFF68-989E-48A2-8245-DCB03E391670}.Debug|x86.Build.0 = Debug|Any CPU
		{95DBFF68-989E-48A2-8245-DCB03E391670}.Release|Any CPU.ActiveCfg = Release|Any CPU
		{95DBFF68-989E-48A2-8245-DCB03E391670}.Release|Any CPU.Build.0 = Release|Any CPU
		{95DBFF68-989E-48A2-8245-DCB03E391670}.Release|x64.ActiveCfg = Release|Any CPU
		{95DBFF68-989E-48A2-8245-DCB03E391670}.Release|x64.Build.0 = Release|Any CPU
		{95DBFF68-989E-48A2-8245-DCB03E391670}.Release|x86.ActiveCfg = Release|Any CPU
		{95DBFF68-989E-48A2-8245-DCB03E391670}.Release|x86.Build.0 = Release|Any CPU
	EndGlobalSection
	GlobalSection(SolutionProperties) = preSolution
		HideSolutionNode = FALSE
	EndGlobalSection
	GlobalSection(ExtensibilityGlobals) = postSolution
		SolutionGuid = {FD33196C-DCA4-4874-A472-78E96239C6CB}
	EndGlobalSection
EndGlobal
